
Microsoft Visual Studio Solution File, Format Version 12.00
# Visual Studio Version 17
VisualStudioVersion = 17.9.34723.18
MinimumVisualStudioVersion = 10.0.40219.1
Project("{FAE04EC0-301F-11D3-BF4B-00C04F79EFBC}") = "Assignment", "Assignment\Assignment.csproj", "{5160386D-0799-4BFC-846B-135F19B4DD86}"
EndProject
Global
	GlobalSection(SolutionConfigurationPlatforms) = preSolution
		Debug|Any CPU = Debug|Any CPU
		Release|Any CPU = Release|Any CPU
	EndGlobalSection
	GlobalSection(ProjectConfigurationPlatforms) = postSolution
		{5160386D-0799-4BFC-846B-135F19B4DD86}.Debug|Any CPU.ActiveCfg = Debug|Any CPU
		{5160386D-0799-4BFC-846B-135F19B4DD86}.Debug|Any CPU.Build.0 = Debug|Any CPU
		{5160386D-0799-4BFC-846B-135F19B4DD86}.Release|Any CPU.ActiveCfg = Release|Any CPU
		{5160386D-0799-4BFC-846B-135F19B4DD86}.Release|Any CPU.Build.0 = Release|Any CPU
	EndGlobalSection
	GlobalSection(SolutionProperties) = preSolution
		HideSolutionNode = FALSE
	EndGlobalSection
	GlobalSection(ExtensibilityGlobals) = postSolution
		SolutionGuid = {E7957839-F8E2-4520-9B58-6444868B2DFE}
	EndGlobalSection
EndGlobal
